{
  "version": 4,
  "terraform_version": "1.10.4",
  "serial": 6,
  "lineage": "d23061a3-f33a-dbc4-4cf1-3f1e6d510617",
  "outputs": {},
  "resources": [
    {
      "module": "module.s3-terraform-state-global",
      "mode": "managed",
      "type": "aws_s3_bucket",
      "name": "this",
      "provider": "provider[\"registry.terraform.io/hashicorp/aws\"]",
      "instances": [
        {
          "schema_version": 0,
          "attributes": {
            "acceleration_status": "",
            "acl": null,
            "arn": "arn:aws:s3:::dwchatapp-aws-tf-state-prod-dev",
            "bucket": "dwchatapp-aws-tf-state-prod-dev",
            "bucket_domain_name": "dwchatapp-aws-tf-state-prod-dev.s3.amazonaws.com",
            "bucket_prefix": "",
            "bucket_regional_domain_name": "dwchatapp-aws-tf-state-prod-dev.s3.ap-south-1.amazonaws.com",
            "cors_rule": [],
            "force_destroy": false,
            "grant": [
              {
                "id": "d50bf08c9727f379c1a04d1ce6d578e58bdad7f3984fe5cc1d432d700b747d4e",
                "permissions": [
                  "FULL_CONTROL"
                ],
                "type": "CanonicalUser",
                "uri": ""
              }
            ],
            "hosted_zone_id": "Z11RGJOFQNVJUP",
            "id": "dwchatapp-aws-tf-state-prod-dev",
            "lifecycle_rule": [],
            "logging": [],
            "object_lock_configuration": [],
            "object_lock_enabled": false,
            "policy": "",
            "region": "ap-south-1",
            "replication_configuration": [],
            "request_payer": "BucketOwner",
            "server_side_encryption_configuration": [
              {
                "rule": [
                  {
                    "apply_server_side_encryption_by_default": [
                      {
                        "kms_master_key_id": "",
                        "sse_algorithm": "AES256"
                      }
                    ],
                    "bucket_key_enabled": false
                  }
                ]
              }
            ],
            "tags": {
              "environment": "dev",
              "iqr_environment": "dev",
              "iqr_productID": "252",
              "iqr_product_businessarea": "Global_Dealer_IT_Solutions",
              "iqr_product_name": "Communication_Insights",
              "iqr_product_suite": "Unified_Communication",
              "product_code": "tf_learn",
              "versioning_status": "Disabled"
            },
            "tags_all": {
              "environment": "dev",
              "iqr_environment": "dev",
              "iqr_productID": "252",
              "iqr_product_businessarea": "Global_Dealer_IT_Solutions",
              "iqr_product_name": "Communication_Insights",
              "iqr_product_suite": "Unified_Communication",
              "product_code": "tf_learn",
              "versioning_status": "Disabled"
            },
            "timeouts": null,
            "versioning": [
              {
                "enabled": false,
                "mfa_delete": false
              }
            ],
            "website": [],
            "website_domain": null,
            "website_endpoint": null
          },
          "sensitive_attributes": [],
          "private": "eyJlMmJmYjczMC1lY2FhLTExZTYtOGY4OC0zNDM2M2JjN2M0YzAiOnsiY3JlYXRlIjoxMjAwMDAwMDAwMDAwLCJkZWxldGUiOjM2MDAwMDAwMDAwMDAsInJlYWQiOjEyMDAwMDAwMDAwMDAsInVwZGF0ZSI6MTIwMDAwMDAwMDAwMH19"
        }
      ]
    },
    {
      "module": "module.s3-terraform-state-global",
      "mode": "managed",
      "type": "aws_s3_bucket_notification",
      "name": "bucket_notification",
      "provider": "provider[\"registry.terraform.io/hashicorp/aws\"]",
      "instances": []
    },
    {
      "module": "module.s3-terraform-state-global",
      "mode": "managed",
      "type": "aws_s3_bucket_public_access_block",
      "name": "this",
      "provider": "provider[\"registry.terraform.io/hashicorp/aws\"]",
      "instances": [
        {
          "schema_version": 0,
          "attributes": {
            "block_public_acls": true,
            "block_public_policy": true,
            "bucket": "dwchatapp-aws-tf-state-prod-dev",
            "id": "dwchatapp-aws-tf-state-prod-dev",
            "ignore_public_acls": true,
            "restrict_public_buckets": true
          },
          "sensitive_attributes": [],
          "private": "bnVsbA==",
          "dependencies": [
            "module.s3-terraform-state-global.aws_s3_bucket.this"
          ]
        }
      ]
    },
    {
      "module": "module.s3-terraform-state-global",
      "mode": "managed",
      "type": "aws_s3_bucket_server_side_encryption_configuration",
      "name": "this",
      "provider": "provider[\"registry.terraform.io/hashicorp/aws\"]",
      "instances": [
        {
          "schema_version": 0,
          "attributes": {
            "bucket": "dwchatapp-aws-tf-state-prod-dev",
            "expected_bucket_owner": "",
            "id": "dwchatapp-aws-tf-state-prod-dev",
            "rule": [
              {
                "apply_server_side_encryption_by_default": [
                  {
                    "kms_master_key_id": "",
                    "sse_algorithm": "AES256"
                  }
                ],
                "bucket_key_enabled": null
              }
            ]
          },
          "sensitive_attributes": [],
          "private": "bnVsbA==",
          "dependencies": [
            "module.s3-terraform-state-global.aws_s3_bucket.this"
          ]
        }
      ]
    },
    {
      "module": "module.s3-terraform-state-global",
      "mode": "managed",
      "type": "aws_s3_bucket_versioning",
      "name": "this",
      "provider": "provider[\"registry.terraform.io/hashicorp/aws\"]",
      "instances": [
        {
          "schema_version": 0,
          "attributes": {
            "bucket": "dwchatapp-aws-tf-state-prod-dev",
            "expected_bucket_owner": "",
            "id": "dwchatapp-aws-tf-state-prod-dev",
            "mfa": null,
            "versioning_configuration": [
              {
                "mfa_delete": "",
                "status": "Disabled"
              }
            ]
          },
          "sensitive_attributes": [],
          "private": "bnVsbA==",
          "dependencies": [
            "module.s3-terraform-state-global.aws_s3_bucket.this"
          ]
        }
      ]
    },
    {
      "module": "module.s3-terraform-state-global",
      "mode": "managed",
      "type": "aws_s3_object",
      "name": "folders",
      "provider": "provider[\"registry.terraform.io/hashicorp/aws\"]",
      "instances": []
    }
  ],
  "check_results": null
}
